
Microsoft Visual Studio Solution File, Format Version 11.00
# Visual C++ Express 2010
Project("{8BC9CEB8-8B4A-11D0-8D11-00A0C91BC942}") = "OpenGLTexture1", "OpenGLTexture1\OpenGLTexture1.vcxproj", "{BCAF270D-8B4D-4C96-B3B9-492E540C3068}"
EndProject
Global
	GlobalSection(SolutionConfigurationPlatforms) = preSolution
		Debug|Win32 = Debug|Win32
		Release|Win32 = Release|Win32
	EndGlobalSection
	GlobalSection(ProjectConfigurationPlatforms) = postSolution
		{BCAF270D-8B4D-4C96-B3B9-492E540C3068}.Debug|Win32.ActiveCfg = Debug|Win32
		{BCAF270D-8B4D-4C96-B3B9-492E540C3068}.Debug|Win32.Build.0 = Debug|Win32
		{BCAF270D-8B4D-4C96-B3B9-492E540C3068}.Release|Win32.ActiveCfg = Release|Win32
		{BCAF270D-8B4D-4C96-B3B9-492E540C3068}.Release|Win32.Build.0 = Release|Win32
	EndGlobalSection
	GlobalSection(SolutionProperties) = preSolution
		HideSolutionNode = FALSE
	EndGlobalSection
EndGlobal
